
Microsoft Visual Studio Solution File, Format Version 12.00
# Visual Studio Version 17
VisualStudioVersion = 17.14.36221.1 d17.14
MinimumVisualStudioVersion = 10.0.40219.1
Project("{2150E333-8FDC-42A3-9474-1A3956D46DE8}") = "FrontEnd", "FrontEnd", "{02EA681E-C7D8-13C7-8484-4AC65E1B71E8}"
EndProject
Project("{2150E333-8FDC-42A3-9474-1A3956D46DE8}") = "Gateway", "Gateway", "{355DA229-38F1-43C9-B05F-7CBE1DA8F929}"
EndProject
Project("{2150E333-8FDC-42A3-9474-1A3956D46DE8}") = "Integration", "Integration", "{100C8A99-4B74-4DBC-BEB5-C25B0C83A39A}"
EndProject
Project("{2150E333-8FDC-42A3-9474-1A3956D46DE8}") = "Services", "Services", "{7077FDBA-DDBD-4E62-A9A4-E5471A976532}"
EndProject
Project("{FAE04EC0-301F-11D3-BF4B-00C04F79EFBC}") = "Mango.Services.CouponAPI", "Mango.Services.CouponAPI\Mango.Services.CouponAPI.csproj", "{4BA407E3-B4B5-4815-8645-851BB898B3E6}"
EndProject
Global
	GlobalSection(SolutionConfigurationPlatforms) = preSolution
		Debug|Any CPU = Debug|Any CPU
		Release|Any CPU = Release|Any CPU
	EndGlobalSection
	GlobalSection(ProjectConfigurationPlatforms) = postSolution
		{4BA407E3-B4B5-4815-8645-851BB898B3E6}.Debug|Any CPU.ActiveCfg = Debug|Any CPU
		{4BA407E3-B4B5-4815-8645-851BB898B3E6}.Debug|Any CPU.Build.0 = Debug|Any CPU
		{4BA407E3-B4B5-4815-8645-851BB898B3E6}.Release|Any CPU.ActiveCfg = Release|Any CPU
		{4BA407E3-B4B5-4815-8645-851BB898B3E6}.Release|Any CPU.Build.0 = Release|Any CPU
	EndGlobalSection
	GlobalSection(SolutionProperties) = preSolution
		HideSolutionNode = FALSE
	EndGlobalSection
	GlobalSection(NestedProjects) = preSolution
		{4BA407E3-B4B5-4815-8645-851BB898B3E6} = {7077FDBA-DDBD-4E62-A9A4-E5471A976532}
	EndGlobalSection
	GlobalSection(ExtensibilityGlobals) = postSolution
		SolutionGuid = {78CA4177-D0CA-42F2-B3B7-A7F294D3A21E}
	EndGlobalSection
EndGlobal
