
Microsoft Visual Studio Solution File, Format Version 12.00
# Visual Studio Version 18
VisualStudioVersion = 18.3.11512.155
MinimumVisualStudioVersion = 10.0.40219.1
Project("{2150E333-8FDC-42A3-9474-1A3956D46DE8}") = "FrontEnd", "FrontEnd", "{02EA681E-C7D8-13C7-8484-4AC65E1B71E8}"
EndProject
Project("{2150E333-8FDC-42A3-9474-1A3956D46DE8}") = "Gateway", "Gateway", "{355DA229-38F1-43C9-B05F-7CBE1DA8F929}"
EndProject
Project("{2150E333-8FDC-42A3-9474-1A3956D46DE8}") = "Integration", "Integration", "{100C8A99-4B74-4DBC-BEB5-C25B0C83A39A}"
EndProject
Project("{2150E333-8FDC-42A3-9474-1A3956D46DE8}") = "Services", "Services", "{7077FDBA-DDBD-4E62-A9A4-E5471A976532}"
EndProject
Project("{FAE04EC0-301F-11D3-BF4B-00C04F79EFBC}") = "Mango.Services.CouponAPI", "Mango.Services.CouponAPI\Mango.Services.CouponAPI.csproj", "{4BA407E3-B4B5-4815-8645-851BB898B3E6}"
EndProject
Project("{FAE04EC0-301F-11D3-BF4B-00C04F79EFBC}") = "Mango.Web", "Mango.Web\Mango.Web.csproj", "{5284BEB8-9EFD-4BF6-8A3E-23ECA5E6C441}"
EndProject
Project("{FAE04EC0-301F-11D3-BF4B-00C04F79EFBC}") = "Mango.Services.AuthAPI", "Mango.Services.AuthAPI\Mango.Services.AuthAPI.csproj", "{CBDDA8FA-BA2A-491E-A719-31A1D2FE1E88}"
EndProject
Project("{FAE04EC0-301F-11D3-BF4B-00C04F79EFBC}") = "Mango.Services.ProductAPI", "Mango.Services.ProductAPI\Mango.Services.ProductAPI.csproj", "{6836A2A2-5126-4B67-B183-D67D4B68F774}"
EndProject
Project("{FAE04EC0-301F-11D3-BF4B-00C04F79EFBC}") = "Mango.Services.ShoppingCartAPI", "Mango.Services.ShoppingCartAPI\Mango.Services.ShoppingCartAPI.csproj", "{AE491AFA-B820-4209-88B4-ECBF87355E1A}"
EndProject
Project("{FAE04EC0-301F-11D3-BF4B-00C04F79EFBC}") = "Mango.MessageBus", "Mango.MessageBus\Mango.MessageBus.csproj", "{A8554D2F-F376-4B47-960B-B744C17065EF}"
EndProject
Project("{FAE04EC0-301F-11D3-BF4B-00C04F79EFBC}") = "Mango.Services.EmailAPI", "Mango.Services.EmailAPI\Mango.Services.EmailAPI.csproj", "{652C86A9-C137-48E7-878D-CE60D9A4BA28}"
EndProject
Global
	GlobalSection(SolutionConfigurationPlatforms) = preSolution
		Debug|Any CPU = Debug|Any CPU
		Release|Any CPU = Release|Any CPU
	EndGlobalSection
	GlobalSection(ProjectConfigurationPlatforms) = postSolution
		{4BA407E3-B4B5-4815-8645-851BB898B3E6}.Debug|Any CPU.ActiveCfg = Debug|Any CPU
		{4BA407E3-B4B5-4815-8645-851BB898B3E6}.Debug|Any CPU.Build.0 = Debug|Any CPU
		{4BA407E3-B4B5-4815-8645-851BB898B3E6}.Release|Any CPU.ActiveCfg = Release|Any CPU
		{4BA407E3-B4B5-4815-8645-851BB898B3E6}.Release|Any CPU.Build.0 = Release|Any CPU
		{5284BEB8-9EFD-4BF6-8A3E-23ECA5E6C441}.Debug|Any CPU.ActiveCfg = Debug|Any CPU
		{5284BEB8-9EFD-4BF6-8A3E-23ECA5E6C441}.Debug|Any CPU.Build.0 = Debug|Any CPU
		{5284BEB8-9EFD-4BF6-8A3E-23ECA5E6C441}.Release|Any CPU.ActiveCfg = Release|Any CPU
		{5284BEB8-9EFD-4BF6-8A3E-23ECA5E6C441}.Release|Any CPU.Build.0 = Release|Any CPU
		{CBDDA8FA-BA2A-491E-A719-31A1D2FE1E88}.Debug|Any CPU.ActiveCfg = Debug|Any CPU
		{CBDDA8FA-BA2A-491E-A719-31A1D2FE1E88}.Debug|Any CPU.Build.0 = Debug|Any CPU
		{CBDDA8FA-BA2A-491E-A719-31A1D2FE1E88}.Release|Any CPU.ActiveCfg = Release|Any CPU
		{CBDDA8FA-BA2A-491E-A719-31A1D2FE1E88}.Release|Any CPU.Build.0 = Release|Any CPU
		{6836A2A2-5126-4B67-B183-D67D4B68F774}.Debug|Any CPU.ActiveCfg = Debug|Any CPU
		{6836A2A2-5126-4B67-B183-D67D4B68F774}.Debug|Any CPU.Build.0 = Debug|Any CPU
		{6836A2A2-5126-4B67-B183-D67D4B68F774}.Release|Any CPU.ActiveCfg = Release|Any CPU
		{6836A2A2-5126-4B67-B183-D67D4B68F774}.Release|Any CPU.Build.0 = Release|Any CPU
		{AE491AFA-B820-4209-88B4-ECBF87355E1A}.Debug|Any CPU.ActiveCfg = Debug|Any CPU
		{AE491AFA-B820-4209-88B4-ECBF87355E1A}.Debug|Any CPU.Build.0 = Debug|Any CPU
		{AE491AFA-B820-4209-88B4-ECBF87355E1A}.Release|Any CPU.ActiveCfg = Release|Any CPU
		{AE491AFA-B820-4209-88B4-ECBF87355E1A}.Release|Any CPU.Build.0 = Release|Any CPU
		{A8554D2F-F376-4B47-960B-B744C17065EF}.Debug|Any CPU.ActiveCfg = Debug|Any CPU
		{A8554D2F-F376-4B47-960B-B744C17065EF}.Debug|Any CPU.Build.0 = Debug|Any CPU
		{A8554D2F-F376-4B47-960B-B744C17065EF}.Release|Any CPU.ActiveCfg = Release|Any CPU
		{A8554D2F-F376-4B47-960B-B744C17065EF}.Release|Any CPU.Build.0 = Release|Any CPU
		{652C86A9-C137-48E7-878D-CE60D9A4BA28}.Debug|Any CPU.ActiveCfg = Debug|Any CPU
		{652C86A9-C137-48E7-878D-CE60D9A4BA28}.Debug|Any CPU.Build.0 = Debug|Any CPU
		{652C86A9-C137-48E7-878D-CE60D9A4BA28}.Release|Any CPU.ActiveCfg = Release|Any CPU
		{652C86A9-C137-48E7-878D-CE60D9A4BA28}.Release|Any CPU.Build.0 = Release|Any CPU
	EndGlobalSection
	GlobalSection(SolutionProperties) = preSolution
		HideSolutionNode = FALSE
	EndGlobalSection
	GlobalSection(NestedProjects) = preSolution
		{4BA407E3-B4B5-4815-8645-851BB898B3E6} = {7077FDBA-DDBD-4E62-A9A4-E5471A976532}
		{5284BEB8-9EFD-4BF6-8A3E-23ECA5E6C441} = {02EA681E-C7D8-13C7-8484-4AC65E1B71E8}
		{CBDDA8FA-BA2A-491E-A719-31A1D2FE1E88} = {7077FDBA-DDBD-4E62-A9A4-E5471A976532}
		{6836A2A2-5126-4B67-B183-D67D4B68F774} = {7077FDBA-DDBD-4E62-A9A4-E5471A976532}
		{AE491AFA-B820-4209-88B4-ECBF87355E1A} = {7077FDBA-DDBD-4E62-A9A4-E5471A976532}
		{A8554D2F-F376-4B47-960B-B744C17065EF} = {100C8A99-4B74-4DBC-BEB5-C25B0C83A39A}
		{652C86A9-C137-48E7-878D-CE60D9A4BA28} = {7077FDBA-DDBD-4E62-A9A4-E5471A976532}
	EndGlobalSection
	GlobalSection(ExtensibilityGlobals) = postSolution
		SolutionGuid = {78CA4177-D0CA-42F2-B3B7-A7F294D3A21E}
	EndGlobalSection
EndGlobal
